// !$*UTF8*$!
{
	archiveVersion = 1;
	classes = {
	};
	objectVersion = 46;
	objects = {

/* Begin PBXBuildFile section */
		4248D9A31BC95DA30031CA2D /* main.m in Sources */ = {isa = PBXBuildFile; fileRef = 4248D9A21BC95DA30031CA2D /* main.m */; };
		4248D9A61BC95DA30031CA2D /* AppDelegate.m in Sources */ = {isa = PBXBuildFile; fileRef = 4248D9A51BC95DA30031CA2D /* AppDelegate.m */; };
		4248D9AC1BC95DA30031CA2D /* Main.storyboard in Resources */ = {isa = PBXBuildFile; fileRef = 4248D9AA1BC95DA30031CA2D /* Main.storyboard */; };
		4248D9AF1BC95DA40031CA2D /* unit_2_final_project.xcdatamodeld in Sources */ = {isa = PBXBuildFile; fileRef = 4248D9AD1BC95DA40031CA2D /* unit_2_final_project.xcdatamodeld */; };
		4248D9B11BC95DA40031CA2D /* Assets.xcassets in Resources */ = {isa = PBXBuildFile; fileRef = 4248D9B01BC95DA40031CA2D /* Assets.xcassets */; };
		4248D9B41BC95DA40031CA2D /* LaunchScreen.storyboard in Resources */ = {isa = PBXBuildFile; fileRef = 4248D9B21BC95DA40031CA2D /* LaunchScreen.storyboard */; };
		42FCE8E11BC99C47008627B6 /* User.m in Sources */ = {isa = PBXBuildFile; fileRef = 42FCE8E01BC99C47008627B6 /* User.m */; settings = {ASSET_TAGS = (); }; };
		42FCE8E71BC99C74008627B6 /* Applications.m in Sources */ = {isa = PBXBuildFile; fileRef = 42FCE8E61BC99C74008627B6 /* Applications.m */; settings = {ASSET_TAGS = (); }; };
		42FCE8EA1BC99EC5008627B6 /* ViewController.m in Sources */ = {isa = PBXBuildFile; fileRef = 42FCE8E91BC99EC5008627B6 /* ViewController.m */; settings = {ASSET_TAGS = (); }; };
		42FCE8ED1BC9A6A0008627B6 /* JournalEntriesTableViewController.m in Sources */ = {isa = PBXBuildFile; fileRef = 42FCE8EC1BC9A6A0008627B6 /* JournalEntriesTableViewController.m */; settings = {ASSET_TAGS = (); }; };
		42FCE8F01BC9A6EA008627B6 /* EntryCreationTableViewController.m in Sources */ = {isa = PBXBuildFile; fileRef = 42FCE8EF1BC9A6EA008627B6 /* EntryCreationTableViewController.m */; settings = {ASSET_TAGS = (); }; };
		42FCE8F31BC9A710008627B6 /* EntryDetailsTableViewController.m in Sources */ = {isa = PBXBuildFile; fileRef = 42FCE8F21BC9A710008627B6 /* EntryDetailsTableViewController.m */; settings = {ASSET_TAGS = (); }; };
		450D853C1BC9811E00C0D55F /* APIManager.m in Sources */ = {isa = PBXBuildFile; fileRef = 450D853B1BC9811E00C0D55F /* APIManager.m */; settings = {ASSET_TAGS = (); }; };
		45FEA2481BCACDB90073E5AE /* LinkedInConnect.m in Sources */ = {isa = PBXBuildFile; fileRef = 45FEA2471BCACDB90073E5AE /* LinkedInConnect.m */; settings = {ASSET_TAGS = (); }; };
		894A116B1BC961360040C318 /* SignUpLoginViewController.m in Sources */ = {isa = PBXBuildFile; fileRef = 894A116A1BC961360040C318 /* SignUpLoginViewController.m */; settings = {ASSET_TAGS = (); }; };
/* End PBXBuildFile section */

/* Begin PBXFileReference section */
		099DBD6AD45FDC37F9CBE312 /* Pods.debug.xcconfig */ = {isa = PBXFileReference; includeInIndex = 1; lastKnownFileType = text.xcconfig; name = Pods.debug.xcconfig; path = "Pods/Target Support Files/Pods/Pods.debug.xcconfig"; sourceTree = "<group>"; };
		4248D99E1BC95DA30031CA2D /* unit-2-final-project.app */ = {isa = PBXFileReference; explicitFileType = wrapper.application; includeInIndex = 0; path = "unit-2-final-project.app"; sourceTree = BUILT_PRODUCTS_DIR; };
		4248D9A21BC95DA30031CA2D /* main.m */ = {isa = PBXFileReference; lastKnownFileType = sourcecode.c.objc; path = main.m; sourceTree = "<group>"; };
		4248D9A41BC95DA30031CA2D /* AppDelegate.h */ = {isa = PBXFileReference; lastKnownFileType = sourcecode.c.h; path = AppDelegate.h; sourceTree = "<group>"; };
		4248D9A51BC95DA30031CA2D /* AppDelegate.m */ = {isa = PBXFileReference; lastKnownFileType = sourcecode.c.objc; path = AppDelegate.m; sourceTree = "<group>"; };
		4248D9AB1BC95DA30031CA2D /* Base */ = {isa = PBXFileReference; lastKnownFileType = file.storyboard; name = Base; path = Base.lproj/Main.storyboard; sourceTree = "<group>"; };
		4248D9AE1BC95DA40031CA2D /* unit_2_final_project.xcdatamodel */ = {isa = PBXFileReference; lastKnownFileType = wrapper.xcdatamodel; path = unit_2_final_project.xcdatamodel; sourceTree = "<group>"; };
		4248D9B01BC95DA40031CA2D /* Assets.xcassets */ = {isa = PBXFileReference; lastKnownFileType = folder.assetcatalog; path = Assets.xcassets; sourceTree = "<group>"; };
		4248D9B31BC95DA40031CA2D /* Base */ = {isa = PBXFileReference; lastKnownFileType = file.storyboard; name = Base; path = Base.lproj/LaunchScreen.storyboard; sourceTree = "<group>"; };
		4248D9B51BC95DA40031CA2D /* Info.plist */ = {isa = PBXFileReference; lastKnownFileType = text.plist.xml; path = Info.plist; sourceTree = "<group>"; };
		42FCE8DF1BC99C47008627B6 /* User.h */ = {isa = PBXFileReference; fileEncoding = 4; lastKnownFileType = sourcecode.c.h; path = User.h; sourceTree = "<group>"; };
		42FCE8E01BC99C47008627B6 /* User.m */ = {isa = PBXFileReference; fileEncoding = 4; lastKnownFileType = sourcecode.c.objc; path = User.m; sourceTree = "<group>"; };
		42FCE8E51BC99C74008627B6 /* Applications.h */ = {isa = PBXFileReference; fileEncoding = 4; lastKnownFileType = sourcecode.c.h; path = Applications.h; sourceTree = "<group>"; };
		42FCE8E61BC99C74008627B6 /* Applications.m */ = {isa = PBXFileReference; fileEncoding = 4; lastKnownFileType = sourcecode.c.objc; path = Applications.m; sourceTree = "<group>"; };
		42FCE8E81BC99EC5008627B6 /* ViewController.h */ = {isa = PBXFileReference; fileEncoding = 4; lastKnownFileType = sourcecode.c.h; path = ViewController.h; sourceTree = "<group>"; };
		42FCE8E91BC99EC5008627B6 /* ViewController.m */ = {isa = PBXFileReference; fileEncoding = 4; lastKnownFileType = sourcecode.c.objc; path = ViewController.m; sourceTree = "<group>"; };
		42FCE8EB1BC9A6A0008627B6 /* JournalEntriesTableViewController.h */ = {isa = PBXFileReference; fileEncoding = 4; lastKnownFileType = sourcecode.c.h; path = JournalEntriesTableViewController.h; sourceTree = "<group>"; };
		42FCE8EC1BC9A6A0008627B6 /* JournalEntriesTableViewController.m */ = {isa = PBXFileReference; fileEncoding = 4; lastKnownFileType = sourcecode.c.objc; path = JournalEntriesTableViewController.m; sourceTree = "<group>"; };
		42FCE8EE1BC9A6EA008627B6 /* EntryCreationTableViewController.h */ = {isa = PBXFileReference; fileEncoding = 4; lastKnownFileType = sourcecode.c.h; path = EntryCreationTableViewController.h; sourceTree = "<group>"; };
		42FCE8EF1BC9A6EA008627B6 /* EntryCreationTableViewController.m */ = {isa = PBXFileReference; fileEncoding = 4; lastKnownFileType = sourcecode.c.objc; path = EntryCreationTableViewController.m; sourceTree = "<group>"; };
		42FCE8F11BC9A710008627B6 /* EntryDetailsTableViewController.h */ = {isa = PBXFileReference; fileEncoding = 4; lastKnownFileType = sourcecode.c.h; path = EntryDetailsTableViewController.h; sourceTree = "<group>"; };
		42FCE8F21BC9A710008627B6 /* EntryDetailsTableViewController.m */ = {isa = PBXFileReference; fileEncoding = 4; lastKnownFileType = sourcecode.c.objc; path = EntryDetailsTableViewController.m; sourceTree = "<group>"; };
		450D853A1BC9811E00C0D55F /* APIManager.h */ = {isa = PBXFileReference; fileEncoding = 4; lastKnownFileType = sourcecode.c.h; path = APIManager.h; sourceTree = "<group>"; };
		450D853B1BC9811E00C0D55F /* APIManager.m */ = {isa = PBXFileReference; fileEncoding = 4; lastKnownFileType = sourcecode.c.objc; path = APIManager.m; sourceTree = "<group>"; };
		45FEA2461BCACDB90073E5AE /* LinkedInConnect.h */ = {isa = PBXFileReference; fileEncoding = 4; lastKnownFileType = sourcecode.c.h; path = LinkedInConnect.h; sourceTree = "<group>"; };
		45FEA2471BCACDB90073E5AE /* LinkedInConnect.m */ = {isa = PBXFileReference; fileEncoding = 4; lastKnownFileType = sourcecode.c.objc; path = LinkedInConnect.m; sourceTree = "<group>"; };
		894A11691BC961360040C318 /* SignUpLoginViewController.h */ = {isa = PBXFileReference; fileEncoding = 4; lastKnownFileType = sourcecode.c.h; path = SignUpLoginViewController.h; sourceTree = "<group>"; };
		894A116A1BC961360040C318 /* SignUpLoginViewController.m */ = {isa = PBXFileReference; fileEncoding = 4; lastKnownFileType = sourcecode.c.objc; path = SignUpLoginViewController.m; sourceTree = "<group>"; };
		B6A744D1F17F548EF8E4A7EB /* Pods.release.xcconfig */ = {isa = PBXFileReference; includeInIndex = 1; lastKnownFileType = text.xcconfig; name = Pods.release.xcconfig; path = "Pods/Target Support Files/Pods/Pods.release.xcconfig"; sourceTree = "<group>"; };
/* End PBXFileReference section */

/* Begin PBXFrameworksBuildPhase section */
		4248D99B1BC95DA30031CA2D /* Frameworks */ = {
			isa = PBXFrameworksBuildPhase;
			buildActionMask = 2147483647;
			files = (
			);
			runOnlyForDeploymentPostprocessing = 0;
		};
/* End PBXFrameworksBuildPhase section */

/* Begin PBXGroup section */
		4248D9951BC95DA30031CA2D = {
			isa = PBXGroup;
			children = (
				4248D9A01BC95DA30031CA2D /* unit-2-final-project */,
				4248D99F1BC95DA30031CA2D /* Products */,
				9F133739FFDAB28576D63B42 /* Pods */,
			);
			sourceTree = "<group>";
		};
		4248D99F1BC95DA30031CA2D /* Products */ = {
			isa = PBXGroup;
			children = (
				4248D99E1BC95DA30031CA2D /* unit-2-final-project.app */,
			);
			name = Products;
			sourceTree = "<group>";
		};
		4248D9A01BC95DA30031CA2D /* unit-2-final-project */ = {
			isa = PBXGroup;
			children = (
				4248D9A41BC95DA30031CA2D /* AppDelegate.h */,
				4248D9A51BC95DA30031CA2D /* AppDelegate.m */,
				450D85421BC9BEE800C0D55F /* LinkedIn */,
				42FCE8DE1BC99C24008627B6 /* Parse */,
				450D853D1BC9813F00C0D55F /* API Manager */,
				4248D9AA1BC95DA30031CA2D /* Main.storyboard */,
				42FCE8EB1BC9A6A0008627B6 /* JournalEntriesTableViewController.h */,
				42FCE8EC1BC9A6A0008627B6 /* JournalEntriesTableViewController.m */,
				894A11691BC961360040C318 /* SignUpLoginViewController.h */,
				894A116A1BC961360040C318 /* SignUpLoginViewController.m */,
				42FCE8EE1BC9A6EA008627B6 /* EntryCreationTableViewController.h */,
				42FCE8EF1BC9A6EA008627B6 /* EntryCreationTableViewController.m */,
				42FCE8F11BC9A710008627B6 /* EntryDetailsTableViewController.h */,
				42FCE8F21BC9A710008627B6 /* EntryDetailsTableViewController.m */,
				4248D9B01BC95DA40031CA2D /* Assets.xcassets */,
				4248D9B21BC95DA40031CA2D /* LaunchScreen.storyboard */,
				4248D9B51BC95DA40031CA2D /* Info.plist */,
				4248D9AD1BC95DA40031CA2D /* unit_2_final_project.xcdatamodeld */,
				4248D9A11BC95DA30031CA2D /* Supporting Files */,
			);
			path = "unit-2-final-project";
			sourceTree = "<group>";
		};
		4248D9A11BC95DA30031CA2D /* Supporting Files */ = {
			isa = PBXGroup;
			children = (
				4248D9A21BC95DA30031CA2D /* main.m */,
			);
			name = "Supporting Files";
			sourceTree = "<group>";
		};
		42FCE8DE1BC99C24008627B6 /* Parse */ = {
			isa = PBXGroup;
			children = (
				42FCE8E81BC99EC5008627B6 /* ViewController.h */,
				42FCE8E91BC99EC5008627B6 /* ViewController.m */,
				42FCE8DF1BC99C47008627B6 /* User.h */,
				42FCE8E01BC99C47008627B6 /* User.m */,
				42FCE8E51BC99C74008627B6 /* Applications.h */,
				42FCE8E61BC99C74008627B6 /* Applications.m */,
			);
			name = Parse;
			sourceTree = "<group>";
		};
		450D853D1BC9813F00C0D55F /* API Manager */ = {
			isa = PBXGroup;
			children = (
				450D853A1BC9811E00C0D55F /* APIManager.h */,
				450D853B1BC9811E00C0D55F /* APIManager.m */,
			);
			name = "API Manager";
			sourceTree = "<group>";
		};
		450D85421BC9BEE800C0D55F /* LinkedIn */ = {
			isa = PBXGroup;
			children = (
				45FEA2461BCACDB90073E5AE /* LinkedInConnect.h */,
				45FEA2471BCACDB90073E5AE /* LinkedInConnect.m */,
			);
			name = LinkedIn;
			sourceTree = "<group>";
		};
		9F133739FFDAB28576D63B42 /* Pods */ = {
			isa = PBXGroup;
			children = (
				099DBD6AD45FDC37F9CBE312 /* Pods.debug.xcconfig */,
				B6A744D1F17F548EF8E4A7EB /* Pods.release.xcconfig */,
			);
			name = Pods;
			sourceTree = "<group>";
		};
/* End PBXGroup section */

/* Begin PBXNativeTarget section */
		4248D99D1BC95DA30031CA2D /* unit-2-final-project */ = {
			isa = PBXNativeTarget;
			buildConfigurationList = 4248D9B81BC95DA40031CA2D /* Build configuration list for PBXNativeTarget "unit-2-final-project" */;
			buildPhases = (
				76FF0297662280A6C72A7E3E /* Check Pods Manifest.lock */,
				4248D99A1BC95DA30031CA2D /* Sources */,
				4248D99B1BC95DA30031CA2D /* Frameworks */,
				4248D99C1BC95DA30031CA2D /* Resources */,
				E6B29511DA05B514354457DE /* Copy Pods Resources */,
			);
			buildRules = (
			);
			dependencies = (
			);
			name = "unit-2-final-project";
			productName = "unit-2-final-project";
			productReference = 4248D99E1BC95DA30031CA2D /* unit-2-final-project.app */;
			productType = "com.apple.product-type.application";
		};
/* End PBXNativeTarget section */

/* Begin PBXProject section */
		4248D9961BC95DA30031CA2D /* Project object */ = {
			isa = PBXProject;
			attributes = {
				LastUpgradeCheck = 0700;
				ORGANIZATIONNAME = "Charles Kang";
				TargetAttributes = {
					4248D99D1BC95DA30031CA2D = {
						CreatedOnToolsVersion = 7.0.1;
						DevelopmentTeam = FP79X83Q3E;
					};
				};
			};
			buildConfigurationList = 4248D9991BC95DA30031CA2D /* Build configuration list for PBXProject "unit-2-final-project" */;
			compatibilityVersion = "Xcode 3.2";
			developmentRegion = English;
			hasScannedForEncodings = 0;
			knownRegions = (
				en,
				Base,
			);
			mainGroup = 4248D9951BC95DA30031CA2D;
			productRefGroup = 4248D99F1BC95DA30031CA2D /* Products */;
			projectDirPath = "";
			projectRoot = "";
			targets = (
				4248D99D1BC95DA30031CA2D /* unit-2-final-project */,
			);
		};
/* End PBXProject section */

/* Begin PBXResourcesBuildPhase section */
		4248D99C1BC95DA30031CA2D /* Resources */ = {
			isa = PBXResourcesBuildPhase;
			buildActionMask = 2147483647;
			files = (
				4248D9B41BC95DA40031CA2D /* LaunchScreen.storyboard in Resources */,
				4248D9B11BC95DA40031CA2D /* Assets.xcassets in Resources */,
				4248D9AC1BC95DA30031CA2D /* Main.storyboard in Resources */,
			);
			runOnlyForDeploymentPostprocessing = 0;
		};
/* End PBXResourcesBuildPhase section */

/* Begin PBXShellScriptBuildPhase section */
		76FF0297662280A6C72A7E3E /* Check Pods Manifest.lock */ = {
			isa = PBXShellScriptBuildPhase;
			buildActionMask = 2147483647;
			files = (
			);
			inputPaths = (
			);
			name = "Check Pods Manifest.lock";
			outputPaths = (
			);
			runOnlyForDeploymentPostprocessing = 0;
			shellPath = /bin/sh;
			shellScript = "diff \"${PODS_ROOT}/../Podfile.lock\" \"${PODS_ROOT}/Manifest.lock\" > /dev/null\nif [[ $? != 0 ]] ; then\n    cat << EOM\nerror: The sandbox is not in sync with the Podfile.lock. Run 'pod install' or update your CocoaPods installation.\nEOM\n    exit 1\nfi\n";
			showEnvVarsInLog = 0;
		};
		E6B29511DA05B514354457DE /* Copy Pods Resources */ = {
			isa = PBXShellScriptBuildPhase;
			buildActionMask = 2147483647;
			files = (
			);
			inputPaths = (
			);
			name = "Copy Pods Resources";
			outputPaths = (
			);
			runOnlyForDeploymentPostprocessing = 0;
			shellPath = /bin/sh;
			shellScript = "\"${SRCROOT}/Pods/Target Support Files/Pods/Pods-resources.sh\"\n";
			showEnvVarsInLog = 0;
		};
/* End PBXShellScriptBuildPhase section */

/* Begin PBXSourcesBuildPhase section */
		4248D99A1BC95DA30031CA2D /* Sources */ = {
			isa = PBXSourcesBuildPhase;
			buildActionMask = 2147483647;
			files = (
				42FCE8ED1BC9A6A0008627B6 /* JournalEntriesTableViewController.m in Sources */,
				42FCE8EA1BC99EC5008627B6 /* ViewController.m in Sources */,
				42FCE8E71BC99C74008627B6 /* Applications.m in Sources */,
				894A116B1BC961360040C318 /* SignUpLoginViewController.m in Sources */,
				45FEA2481BCACDB90073E5AE /* LinkedInConnect.m in Sources */,
				42FCE8E11BC99C47008627B6 /* User.m in Sources */,
				4248D9A61BC95DA30031CA2D /* AppDelegate.m in Sources */,
				42FCE8F31BC9A710008627B6 /* EntryDetailsTableViewController.m in Sources */,
				450D853C1BC9811E00C0D55F /* APIManager.m in Sources */,
				42FCE8F01BC9A6EA008627B6 /* EntryCreationTableViewController.m in Sources */,
				4248D9A31BC95DA30031CA2D /* main.m in Sources */,
				4248D9AF1BC95DA40031CA2D /* unit_2_final_project.xcdatamodeld in Sources */,
			);
			runOnlyForDeploymentPostprocessing = 0;
		};
/* End PBXSourcesBuildPhase section */

/* Begin PBXVariantGroup section */
		4248D9AA1BC95DA30031CA2D /* Main.storyboard */ = {
			isa = PBXVariantGroup;
			children = (
				4248D9AB1BC95DA30031CA2D /* Base */,
			);
			name = Main.storyboard;
			sourceTree = "<group>";
		};
		4248D9B21BC95DA40031CA2D /* LaunchScreen.storyboard */ = {
			isa = PBXVariantGroup;
			children = (
				4248D9B31BC95DA40031CA2D /* Base */,
			);
			name = LaunchScreen.storyboard;
			sourceTree = "<group>";
		};
/* End PBXVariantGroup section */

/* Begin XCBuildConfiguration section */
		4248D9B61BC95DA40031CA2D /* Debug */ = {
			isa = XCBuildConfiguration;
			buildSettings = {
				ALWAYS_SEARCH_USER_PATHS = NO;
				CLANG_CXX_LANGUAGE_STANDARD = "gnu++0x";
				CLANG_CXX_LIBRARY = "libc++";
				CLANG_ENABLE_MODULES = YES;
				CLANG_ENABLE_OBJC_ARC = YES;
				CLANG_WARN_BOOL_CONVERSION = YES;
				CLANG_WARN_CONSTANT_CONVERSION = YES;
				CLANG_WARN_DIRECT_OBJC_ISA_USAGE = YES_ERROR;
				CLANG_WARN_EMPTY_BODY = YES;
				CLANG_WARN_ENUM_CONVERSION = YES;
				CLANG_WARN_INT_CONVERSION = YES;
				CLANG_WARN_OBJC_ROOT_CLASS = YES_ERROR;
				CLANG_WARN_UNREACHABLE_CODE = YES;
				CLANG_WARN__DUPLICATE_METHOD_MATCH = YES;
				"CODE_SIGN_IDENTITY[sdk=iphoneos*]" = "iPhone Developer";
				COPY_PHASE_STRIP = NO;
				DEBUG_INFORMATION_FORMAT = dwarf;
				ENABLE_STRICT_OBJC_MSGSEND = YES;
				ENABLE_TESTABILITY = YES;
				GCC_C_LANGUAGE_STANDARD = gnu99;
				GCC_DYNAMIC_NO_PIC = NO;
				GCC_NO_COMMON_BLOCKS = YES;
				GCC_OPTIMIZATION_LEVEL = 0;
				GCC_PREPROCESSOR_DEFINITIONS = (
					"DEBUG=1",
					"$(inherited)",
				);
				GCC_WARN_64_TO_32_BIT_CONVERSION = YES;
				GCC_WARN_ABOUT_RETURN_TYPE = YES_ERROR;
				GCC_WARN_UNDECLARED_SELECTOR = YES;
				GCC_WARN_UNINITIALIZED_AUTOS = YES_AGGRESSIVE;
				GCC_WARN_UNUSED_FUNCTION = YES;
				GCC_WARN_UNUSED_VARIABLE = YES;
				IPHONEOS_DEPLOYMENT_TARGET = 9.0;
				MTL_ENABLE_DEBUG_INFO = YES;
				ONLY_ACTIVE_ARCH = YES;
				SDKROOT = iphoneos;
			};
			name = Debug;
		};
		4248D9B71BC95DA40031CA2D /* Release */ = {
			isa = XCBuildConfiguration;
			buildSettings = {
				ALWAYS_SEARCH_USER_PATHS = NO;
				CLANG_CXX_LANGUAGE_STANDARD = "gnu++0x";
				CLANG_CXX_LIBRARY = "libc++";
				CLANG_ENABLE_MODULES = YES;
				CLANG_ENABLE_OBJC_ARC = YES;
				CLANG_WARN_BOOL_CONVERSION = YES;
				CLANG_WARN_CONSTANT_CONVERSION = YES;
				CLANG_WARN_DIRECT_OBJC_ISA_USAGE = YES_ERROR;
				CLANG_WARN_EMPTY_BODY = YES;
				CLANG_WARN_ENUM_CONVERSION = YES;
				CLANG_WARN_INT_CONVERSION = YES;
				CLANG_WARN_OBJC_ROOT_CLASS = YES_ERROR;
				CLANG_WARN_UNREACHABLE_CODE = YES;
				CLANG_WARN__DUPLICATE_METHOD_MATCH = YES;
				"CODE_SIGN_IDENTITY[sdk=iphoneos*]" = "iPhone Developer";
				COPY_PHASE_STRIP = NO;
				DEBUG_INFORMATION_FORMAT = "dwarf-with-dsym";
				ENABLE_NS_ASSERTIONS = NO;
				ENABLE_STRICT_OBJC_MSGSEND = YES;
				GCC_C_LANGUAGE_STANDARD = gnu99;
				GCC_NO_COMMON_BLOCKS = YES;
				GCC_WARN_64_TO_32_BIT_CONVERSION = YES;
				GCC_WARN_ABOUT_RETURN_TYPE = YES_ERROR;
				GCC_WARN_UNDECLARED_SELECTOR = YES;
				GCC_WARN_UNINITIALIZED_AUTOS = YES_AGGRESSIVE;
				GCC_WARN_UNUSED_FUNCTION = YES;
				GCC_WARN_UNUSED_VARIABLE = YES;
				IPHONEOS_DEPLOYMENT_TARGET = 9.0;
				MTL_ENABLE_DEBUG_INFO = NO;
				SDKROOT = iphoneos;
				VALIDATE_PRODUCT = YES;
			};
			name = Release;
		};
		4248D9B91BC95DA40031CA2D /* Debug */ = {
			isa = XCBuildConfiguration;
			baseConfigurationReference = 099DBD6AD45FDC37F9CBE312 /* Pods.debug.xcconfig */;
			buildSettings = {
				ASSETCATALOG_COMPILER_APPICON_NAME = AppIcon;
				INFOPLIST_FILE = "unit-2-final-project/Info.plist";
				LD_RUNPATH_SEARCH_PATHS = "$(inherited) @executable_path/Frameworks";
				PRODUCT_BUNDLE_IDENTIFIER = "com.charleshkang.unit-2-final-project";
				PRODUCT_NAME = "$(TARGET_NAME)";
			};
			name = Debug;
		};
		4248D9BA1BC95DA40031CA2D /* Release */ = {
			isa = XCBuildConfiguration;
			baseConfigurationReference = B6A744D1F17F548EF8E4A7EB /* Pods.release.xcconfig */;
			buildSettings = {
				ASSETCATALOG_COMPILER_APPICON_NAME = AppIcon;
				INFOPLIST_FILE = "unit-2-final-project/Info.plist";
				LD_RUNPATH_SEARCH_PATHS = "$(inherited) @executable_path/Frameworks";
				PRODUCT_BUNDLE_IDENTIFIER = "com.charleshkang.unit-2-final-project";
				PRODUCT_NAME = "$(TARGET_NAME)";
			};
			name = Release;
		};
/* End XCBuildConfiguration section */

/* Begin XCConfigurationList section */
		4248D9991BC95DA30031CA2D /* Build configuration list for PBXProject "unit-2-final-project" */ = {
			isa = XCConfigurationList;
			buildConfigurations = (
				4248D9B61BC95DA40031CA2D /* Debug */,
				4248D9B71BC95DA40031CA2D /* Release */,
			);
			defaultConfigurationIsVisible = 0;
			defaultConfigurationName = Release;
		};
		4248D9B81BC95DA40031CA2D /* Build configuration list for PBXNativeTarget "unit-2-final-project" */ = {
			isa = XCConfigurationList;
			buildConfigurations = (
				4248D9B91BC95DA40031CA2D /* Debug */,
				4248D9BA1BC95DA40031CA2D /* Release */,
			);
			defaultConfigurationIsVisible = 0;
			defaultConfigurationName = Release;
		};
/* End XCConfigurationList section */

/* Begin XCVersionGroup section */
		4248D9AD1BC95DA40031CA2D /* unit_2_final_project.xcdatamodeld */ = {
			isa = XCVersionGroup;
			children = (
				4248D9AE1BC95DA40031CA2D /* unit_2_final_project.xcdatamodel */,
			);
			currentVersion = 4248D9AE1BC95DA40031CA2D /* unit_2_final_project.xcdatamodel */;
			path = unit_2_final_project.xcdatamodeld;
			sourceTree = "<group>";
			versionGroupType = wrapper.xcdatamodel;
		};
/* End XCVersionGroup section */
	};
	rootObject = 4248D9961BC95DA30031CA2D /* Project object */;
}
