PODS:
  - Bolts/Tasks (1.3.0)
  - GoogleMaps (1.10.4)
  - Parse (1.9.0):
    - Bolts/Tasks (>= 1.3.0)
  - TwilioSDK (1.2.5)

DEPENDENCIES:
  - GoogleMaps
  - Parse
  - TwilioSDK

SPEC CHECKSUMS:
  Bolts: 805a4a87413e49d4a0c2b7d469084cbc46b09342
  GoogleMaps: 134bcf57e8d489efbc0c29d532ed421554fabdb2
  Parse: 712efbc476d4f47b0f96b70db7e53101575753aa
  TwilioSDK: 49ef46cd8bef7f05f1e3bdb003e400d77c675673

COCOAPODS: 0.38.2
