// !$*UTF8*$!
{
	archiveVersion = 1;
	classes = {
	};
	objectVersion = 46;
	objects = {

/* Begin PBXBuildFile section */
		422705601BD15607007430E4 /* DontNeedThis.xcdatamodeld in Sources */ = {isa = PBXBuildFile; fileRef = 4227055E1BD15607007430E4 /* DontNeedThis.xcdatamodeld */; settings = {ASSET_TAGS = (); }; };
		4248D9A31BC95DA30031CA2D /* main.m in Sources */ = {isa = PBXBuildFile; fileRef = 4248D9A21BC95DA30031CA2D /* main.m */; };
		4248D9A61BC95DA30031CA2D /* AppDelegate.m in Sources */ = {isa = PBXBuildFile; fileRef = 4248D9A51BC95DA30031CA2D /* AppDelegate.m */; };
		4248D9B11BC95DA40031CA2D /* Assets.xcassets in Resources */ = {isa = PBXBuildFile; fileRef = 4248D9B01BC95DA40031CA2D /* Assets.xcassets */; };
		4248D9B41BC95DA40031CA2D /* LaunchScreen.storyboard in Resources */ = {isa = PBXBuildFile; fileRef = 4248D9B21BC95DA40031CA2D /* LaunchScreen.storyboard */; };
		42A3B12A1BCED8C100907D15 /* Entry.m in Sources */ = {isa = PBXBuildFile; fileRef = 42A3B1291BCED8C100907D15 /* Entry.m */; settings = {ASSET_TAGS = (); }; };
		42B466531BD1483D0029FBDA /* ParseUI.framework in Frameworks */ = {isa = PBXBuildFile; fileRef = 42B466521BD1483D0029FBDA /* ParseUI.framework */; settings = {ASSET_TAGS = (); }; };
		42B466551BD14C0E0029FBDA /* CFNetwork.framework in Frameworks */ = {isa = PBXBuildFile; fileRef = 42B466541BD14C0E0029FBDA /* CFNetwork.framework */; };
		42B466571BD14C320029FBDA /* AudioToolbox.framework in Frameworks */ = {isa = PBXBuildFile; fileRef = 42B466561BD14C320029FBDA /* AudioToolbox.framework */; };
		42B466591BD14C400029FBDA /* CoreGraphics.framework in Frameworks */ = {isa = PBXBuildFile; fileRef = 42B466581BD14C400029FBDA /* CoreGraphics.framework */; };
		42B4665B1BD14C510029FBDA /* MobileCoreServices.framework in Frameworks */ = {isa = PBXBuildFile; fileRef = 42B4665A1BD14C510029FBDA /* MobileCoreServices.framework */; };
		42B4665D1BD14C5C0029FBDA /* Security.framework in Frameworks */ = {isa = PBXBuildFile; fileRef = 42B4665C1BD14C5C0029FBDA /* Security.framework */; };
		42B4665F1BD14C630029FBDA /* StoreKit.framework in Frameworks */ = {isa = PBXBuildFile; fileRef = 42B4665E1BD14C630029FBDA /* StoreKit.framework */; };
		42B466611BD14C7A0029FBDA /* libsqlite3.tbd in Frameworks */ = {isa = PBXBuildFile; fileRef = 42B466601BD14C7A0029FBDA /* libsqlite3.tbd */; };
		42C2F7491BD1CFB700C9D31F /* JournalEntryTableViewController.m in Sources */ = {isa = PBXBuildFile; fileRef = 42C2F7481BD1CFB700C9D31F /* JournalEntryTableViewController.m */; settings = {ASSET_TAGS = (); }; };
		42C949AA1BD6E30C009ED1DE /* GoogleMapsNib.xib in Resources */ = {isa = PBXBuildFile; fileRef = 42C949A91BD6E30C009ED1DE /* GoogleMapsNib.xib */; settings = {ASSET_TAGS = (); }; };
		42EFA6111BD5DB3E007110AC /* MapKit.framework in Frameworks */ = {isa = PBXBuildFile; fileRef = 42EFA6101BD5DB3E007110AC /* MapKit.framework */; };
		42FCE8E11BC99C47008627B6 /* User.m in Sources */ = {isa = PBXBuildFile; fileRef = 42FCE8E01BC99C47008627B6 /* User.m */; settings = {ASSET_TAGS = (); }; };
		42FCE8EA1BC99EC5008627B6 /* ViewController.m in Sources */ = {isa = PBXBuildFile; fileRef = 42FCE8E91BC99EC5008627B6 /* ViewController.m */; settings = {ASSET_TAGS = (); }; };
		450D853C1BC9811E00C0D55F /* APIManager.m in Sources */ = {isa = PBXBuildFile; fileRef = 450D853B1BC9811E00C0D55F /* APIManager.m */; settings = {ASSET_TAGS = (); }; };
		450F0C041BD6BE0000BEC5D0 /* Note.m in Sources */ = {isa = PBXBuildFile; fileRef = 450F0C031BD6BE0000BEC5D0 /* Note.m */; settings = {ASSET_TAGS = (); }; };
		450F0C071BD6BE6700BEC5D0 /* NoteDetailViewController.m in Sources */ = {isa = PBXBuildFile; fileRef = 450F0C061BD6BE6700BEC5D0 /* NoteDetailViewController.m */; settings = {ASSET_TAGS = (); }; };
		450F0C0A1BD6BF0200BEC5D0 /* NoteListItem.m in Sources */ = {isa = PBXBuildFile; fileRef = 450F0C091BD6BF0200BEC5D0 /* NoteListItem.m */; settings = {ASSET_TAGS = (); }; };
		450F0C0D1BD6BF7A00BEC5D0 /* NoteListViewController.m in Sources */ = {isa = PBXBuildFile; fileRef = 450F0C0C1BD6BF7A00BEC5D0 /* NoteListViewController.m */; settings = {ASSET_TAGS = (); }; };
		450F0C101BD6BFD700BEC5D0 /* NotesDocument.m in Sources */ = {isa = PBXBuildFile; fileRef = 450F0C0F1BD6BFD700BEC5D0 /* NotesDocument.m */; settings = {ASSET_TAGS = (); }; };
		45A71AE91BD3FE22000A13B7 /* ApartmentListingCells.xib in Resources */ = {isa = PBXBuildFile; fileRef = 45A71AE81BD3FE22000A13B7 /* ApartmentListingCells.xib */; settings = {ASSET_TAGS = (); }; };
		45A71AEF1BD40009000A13B7 /* ApartmentListingsCell.m in Sources */ = {isa = PBXBuildFile; fileRef = 45A71AEE1BD40009000A13B7 /* ApartmentListingsCell.m */; settings = {ASSET_TAGS = (); }; };
		45A71AF21BD4021C000A13B7 /* StreetEasyDetailViewController.m in Sources */ = {isa = PBXBuildFile; fileRef = 45A71AF11BD4021C000A13B7 /* StreetEasyDetailViewController.m */; settings = {ASSET_TAGS = (); }; };
		45A71AF51BD404BC000A13B7 /* Apartment.m in Sources */ = {isa = PBXBuildFile; fileRef = 45A71AF41BD404BC000A13B7 /* Apartment.m */; settings = {ASSET_TAGS = (); }; };
		862B72D77ED97BE1EEAAD7A6 /* libPods.a in Frameworks */ = {isa = PBXBuildFile; fileRef = 75199BEAB21FAD7AFA7E126F /* libPods.a */; };
		89009B911BCAE10300541A5A /* LocationMapViewcontroller.m in Sources */ = {isa = PBXBuildFile; fileRef = 89009B901BCAE10300541A5A /* LocationMapViewcontroller.m */; settings = {ASSET_TAGS = (); }; };
		89009B931BCAE26700541A5A /* AVFoundation.framework in Frameworks */ = {isa = PBXBuildFile; fileRef = 89009B921BCAE26700541A5A /* AVFoundation.framework */; };
		89009B951BCAE26F00541A5A /* CoreData.framework in Frameworks */ = {isa = PBXBuildFile; fileRef = 89009B941BCAE26F00541A5A /* CoreData.framework */; };
		89009B971BCAE27500541A5A /* CoreLocation.framework in Frameworks */ = {isa = PBXBuildFile; fileRef = 89009B961BCAE27500541A5A /* CoreLocation.framework */; };
		89009B991BCAE27A00541A5A /* CoreText.framework in Frameworks */ = {isa = PBXBuildFile; fileRef = 89009B981BCAE27A00541A5A /* CoreText.framework */; };
		89009B9B1BCAE28400541A5A /* GLKit.framework in Frameworks */ = {isa = PBXBuildFile; fileRef = 89009B9A1BCAE28400541A5A /* GLKit.framework */; };
		89009B9D1BCAE28A00541A5A /* ImageIO.framework in Frameworks */ = {isa = PBXBuildFile; fileRef = 89009B9C1BCAE28A00541A5A /* ImageIO.framework */; };
		89009BA11BCAE2BB00541A5A /* libicucore.tbd in Frameworks */ = {isa = PBXBuildFile; fileRef = 89009BA01BCAE2BB00541A5A /* libicucore.tbd */; };
		89009BA31BCAE2C700541A5A /* libz.tbd in Frameworks */ = {isa = PBXBuildFile; fileRef = 89009BA21BCAE2C700541A5A /* libz.tbd */; };
		89009BA51BCAE2CD00541A5A /* OpenGLES.framework in Frameworks */ = {isa = PBXBuildFile; fileRef = 89009BA41BCAE2CD00541A5A /* OpenGLES.framework */; };
		89009BA71BCAE2D200541A5A /* QuartzCore.framework in Frameworks */ = {isa = PBXBuildFile; fileRef = 89009BA61BCAE2D200541A5A /* QuartzCore.framework */; };
		89009BA91BCAE2D900541A5A /* SystemConfiguration.framework in Frameworks */ = {isa = PBXBuildFile; fileRef = 89009BA81BCAE2D900541A5A /* SystemConfiguration.framework */; };
		89009BBC1BCAF06B00541A5A /* EntryCreationViewController.m in Sources */ = {isa = PBXBuildFile; fileRef = 89009BBB1BCAF06B00541A5A /* EntryCreationViewController.m */; settings = {ASSET_TAGS = (); }; };
		890AC0711BCAFE0200D61E01 /* Main.storyboard in Resources */ = {isa = PBXBuildFile; fileRef = 890AC06F1BCAFE0200D61E01 /* Main.storyboard */; settings = {ASSET_TAGS = (); }; };
		894A116B1BC961360040C318 /* SignUpLoginViewController.m in Sources */ = {isa = PBXBuildFile; fileRef = 894A116A1BC961360040C318 /* SignUpLoginViewController.m */; settings = {ASSET_TAGS = (); }; };
		899A00F71BD937F000F65FEB /* NoteCreationViewController.m in Sources */ = {isa = PBXBuildFile; fileRef = 899A00F61BD937F000F65FEB /* NoteCreationViewController.m */; settings = {ASSET_TAGS = (); }; };
/* End PBXBuildFile section */

/* Begin PBXFileReference section */
		099DBD6AD45FDC37F9CBE312 /* Pods.debug.xcconfig */ = {isa = PBXFileReference; includeInIndex = 1; lastKnownFileType = text.xcconfig; name = Pods.debug.xcconfig; path = "Pods/Target Support Files/Pods/Pods.debug.xcconfig"; sourceTree = "<group>"; };
		4227055F1BD15607007430E4 /* DontNeedThis.xcdatamodel */ = {isa = PBXFileReference; lastKnownFileType = wrapper.xcdatamodel; path = DontNeedThis.xcdatamodel; sourceTree = "<group>"; };
		4248D99E1BC95DA30031CA2D /* dig.it.app */ = {isa = PBXFileReference; explicitFileType = wrapper.application; includeInIndex = 0; path = dig.it.app; sourceTree = BUILT_PRODUCTS_DIR; };
		4248D9A21BC95DA30031CA2D /* main.m */ = {isa = PBXFileReference; lastKnownFileType = sourcecode.c.objc; path = main.m; sourceTree = "<group>"; };
		4248D9A41BC95DA30031CA2D /* AppDelegate.h */ = {isa = PBXFileReference; lastKnownFileType = sourcecode.c.h; path = AppDelegate.h; sourceTree = "<group>"; };
		4248D9A51BC95DA30031CA2D /* AppDelegate.m */ = {isa = PBXFileReference; lastKnownFileType = sourcecode.c.objc; path = AppDelegate.m; sourceTree = "<group>"; };
		4248D9B01BC95DA40031CA2D /* Assets.xcassets */ = {isa = PBXFileReference; lastKnownFileType = folder.assetcatalog; path = Assets.xcassets; sourceTree = "<group>"; };
		4248D9B31BC95DA40031CA2D /* Base */ = {isa = PBXFileReference; lastKnownFileType = file.storyboard; name = Base; path = Base.lproj/LaunchScreen.storyboard; sourceTree = "<group>"; };
		4248D9B51BC95DA40031CA2D /* Info.plist */ = {isa = PBXFileReference; lastKnownFileType = text.plist.xml; path = Info.plist; sourceTree = "<group>"; };
		42A3B1291BCED8C100907D15 /* Entry.m */ = {isa = PBXFileReference; fileEncoding = 4; lastKnownFileType = sourcecode.c.objc; path = Entry.m; sourceTree = "<group>"; };
		42A3B12B1BCED8DA00907D15 /* Entry.h */ = {isa = PBXFileReference; lastKnownFileType = sourcecode.c.h; path = Entry.h; sourceTree = "<group>"; };
		42B466521BD1483D0029FBDA /* ParseUI.framework */ = {isa = PBXFileReference; lastKnownFileType = wrapper.framework; path = ParseUI.framework; sourceTree = "<group>"; };
		42B466541BD14C0E0029FBDA /* CFNetwork.framework */ = {isa = PBXFileReference; lastKnownFileType = wrapper.framework; name = CFNetwork.framework; path = System/Library/Frameworks/CFNetwork.framework; sourceTree = SDKROOT; };
		42B466561BD14C320029FBDA /* AudioToolbox.framework */ = {isa = PBXFileReference; lastKnownFileType = wrapper.framework; name = AudioToolbox.framework; path = System/Library/Frameworks/AudioToolbox.framework; sourceTree = SDKROOT; };
		42B466581BD14C400029FBDA /* CoreGraphics.framework */ = {isa = PBXFileReference; lastKnownFileType = wrapper.framework; name = CoreGraphics.framework; path = System/Library/Frameworks/CoreGraphics.framework; sourceTree = SDKROOT; };
		42B4665A1BD14C510029FBDA /* MobileCoreServices.framework */ = {isa = PBXFileReference; lastKnownFileType = wrapper.framework; name = MobileCoreServices.framework; path = System/Library/Frameworks/MobileCoreServices.framework; sourceTree = SDKROOT; };
		42B4665C1BD14C5C0029FBDA /* Security.framework */ = {isa = PBXFileReference; lastKnownFileType = wrapper.framework; name = Security.framework; path = System/Library/Frameworks/Security.framework; sourceTree = SDKROOT; };
		42B4665E1BD14C630029FBDA /* StoreKit.framework */ = {isa = PBXFileReference; lastKnownFileType = wrapper.framework; name = StoreKit.framework; path = System/Library/Frameworks/StoreKit.framework; sourceTree = SDKROOT; };
		42B466601BD14C7A0029FBDA /* libsqlite3.tbd */ = {isa = PBXFileReference; lastKnownFileType = "sourcecode.text-based-dylib-definition"; name = libsqlite3.tbd; path = usr/lib/libsqlite3.tbd; sourceTree = SDKROOT; };
		42C2F7471BD1CFB700C9D31F /* JournalEntryTableViewController.h */ = {isa = PBXFileReference; fileEncoding = 4; lastKnownFileType = sourcecode.c.h; path = JournalEntryTableViewController.h; sourceTree = "<group>"; };
		42C2F7481BD1CFB700C9D31F /* JournalEntryTableViewController.m */ = {isa = PBXFileReference; fileEncoding = 4; lastKnownFileType = sourcecode.c.objc; path = JournalEntryTableViewController.m; sourceTree = "<group>"; };
		42C949A91BD6E30C009ED1DE /* GoogleMapsNib.xib */ = {isa = PBXFileReference; fileEncoding = 4; lastKnownFileType = file.xib; path = GoogleMapsNib.xib; sourceTree = "<group>"; };
		42EFA6101BD5DB3E007110AC /* MapKit.framework */ = {isa = PBXFileReference; lastKnownFileType = wrapper.framework; name = MapKit.framework; path = System/Library/Frameworks/MapKit.framework; sourceTree = SDKROOT; };
		42FCE8DF1BC99C47008627B6 /* User.h */ = {isa = PBXFileReference; fileEncoding = 4; lastKnownFileType = sourcecode.c.h; path = User.h; sourceTree = "<group>"; };
		42FCE8E01BC99C47008627B6 /* User.m */ = {isa = PBXFileReference; fileEncoding = 4; lastKnownFileType = sourcecode.c.objc; path = User.m; sourceTree = "<group>"; };
		42FCE8E81BC99EC5008627B6 /* ViewController.h */ = {isa = PBXFileReference; fileEncoding = 4; lastKnownFileType = sourcecode.c.h; path = ViewController.h; sourceTree = "<group>"; };
		42FCE8E91BC99EC5008627B6 /* ViewController.m */ = {isa = PBXFileReference; fileEncoding = 4; lastKnownFileType = sourcecode.c.objc; path = ViewController.m; sourceTree = "<group>"; };
		450D853A1BC9811E00C0D55F /* APIManager.h */ = {isa = PBXFileReference; fileEncoding = 4; lastKnownFileType = sourcecode.c.h; path = APIManager.h; sourceTree = "<group>"; };
		450D853B1BC9811E00C0D55F /* APIManager.m */ = {isa = PBXFileReference; fileEncoding = 4; lastKnownFileType = sourcecode.c.objc; path = APIManager.m; sourceTree = "<group>"; };
		450F0C021BD6BE0000BEC5D0 /* Note.h */ = {isa = PBXFileReference; fileEncoding = 4; lastKnownFileType = sourcecode.c.h; path = Note.h; sourceTree = "<group>"; };
		450F0C031BD6BE0000BEC5D0 /* Note.m */ = {isa = PBXFileReference; fileEncoding = 4; lastKnownFileType = sourcecode.c.objc; path = Note.m; sourceTree = "<group>"; };
		450F0C051BD6BE6700BEC5D0 /* NoteDetailViewController.h */ = {isa = PBXFileReference; fileEncoding = 4; lastKnownFileType = sourcecode.c.h; path = NoteDetailViewController.h; sourceTree = "<group>"; };
		450F0C061BD6BE6700BEC5D0 /* NoteDetailViewController.m */ = {isa = PBXFileReference; fileEncoding = 4; lastKnownFileType = sourcecode.c.objc; path = NoteDetailViewController.m; sourceTree = "<group>"; };
		450F0C081BD6BF0200BEC5D0 /* NoteListItem.h */ = {isa = PBXFileReference; fileEncoding = 4; lastKnownFileType = sourcecode.c.h; path = NoteListItem.h; sourceTree = "<group>"; };
		450F0C091BD6BF0200BEC5D0 /* NoteListItem.m */ = {isa = PBXFileReference; fileEncoding = 4; lastKnownFileType = sourcecode.c.objc; path = NoteListItem.m; sourceTree = "<group>"; };
		450F0C0B1BD6BF7A00BEC5D0 /* NoteListViewController.h */ = {isa = PBXFileReference; fileEncoding = 4; lastKnownFileType = sourcecode.c.h; path = NoteListViewController.h; sourceTree = "<group>"; };
		450F0C0C1BD6BF7A00BEC5D0 /* NoteListViewController.m */ = {isa = PBXFileReference; fileEncoding = 4; lastKnownFileType = sourcecode.c.objc; path = NoteListViewController.m; sourceTree = "<group>"; };
		450F0C0E1BD6BFD700BEC5D0 /* NotesDocument.h */ = {isa = PBXFileReference; fileEncoding = 4; lastKnownFileType = sourcecode.c.h; path = NotesDocument.h; sourceTree = "<group>"; };
		450F0C0F1BD6BFD700BEC5D0 /* NotesDocument.m */ = {isa = PBXFileReference; fileEncoding = 4; lastKnownFileType = sourcecode.c.objc; path = NotesDocument.m; sourceTree = "<group>"; };
		45A71AE81BD3FE22000A13B7 /* ApartmentListingCells.xib */ = {isa = PBXFileReference; fileEncoding = 4; lastKnownFileType = file.xib; path = ApartmentListingCells.xib; sourceTree = "<group>"; };
		45A71AED1BD40009000A13B7 /* ApartmentListingsCell.h */ = {isa = PBXFileReference; fileEncoding = 4; lastKnownFileType = sourcecode.c.h; path = ApartmentListingsCell.h; sourceTree = "<group>"; };
		45A71AEE1BD40009000A13B7 /* ApartmentListingsCell.m */ = {isa = PBXFileReference; fileEncoding = 4; lastKnownFileType = sourcecode.c.objc; path = ApartmentListingsCell.m; sourceTree = "<group>"; };
		45A71AF01BD4021C000A13B7 /* StreetEasyDetailViewController.h */ = {isa = PBXFileReference; fileEncoding = 4; lastKnownFileType = sourcecode.c.h; path = StreetEasyDetailViewController.h; sourceTree = "<group>"; };
		45A71AF11BD4021C000A13B7 /* StreetEasyDetailViewController.m */ = {isa = PBXFileReference; fileEncoding = 4; lastKnownFileType = sourcecode.c.objc; path = StreetEasyDetailViewController.m; sourceTree = "<group>"; };
		45A71AF31BD404BC000A13B7 /* Apartment.h */ = {isa = PBXFileReference; fileEncoding = 4; lastKnownFileType = sourcecode.c.h; path = Apartment.h; sourceTree = "<group>"; };
		45A71AF41BD404BC000A13B7 /* Apartment.m */ = {isa = PBXFileReference; fileEncoding = 4; lastKnownFileType = sourcecode.c.objc; path = Apartment.m; sourceTree = "<group>"; };
		75199BEAB21FAD7AFA7E126F /* libPods.a */ = {isa = PBXFileReference; explicitFileType = archive.ar; includeInIndex = 0; path = libPods.a; sourceTree = BUILT_PRODUCTS_DIR; };
		89009B8F1BCAE10300541A5A /* LocationMapViewController.h */ = {isa = PBXFileReference; fileEncoding = 4; lastKnownFileType = sourcecode.c.h; path = LocationMapViewController.h; sourceTree = "<group>"; };
		89009B901BCAE10300541A5A /* LocationMapViewcontroller.m */ = {isa = PBXFileReference; fileEncoding = 4; lastKnownFileType = sourcecode.c.objc; path = LocationMapViewcontroller.m; sourceTree = "<group>"; };
		89009B921BCAE26700541A5A /* AVFoundation.framework */ = {isa = PBXFileReference; lastKnownFileType = wrapper.framework; name = AVFoundation.framework; path = System/Library/Frameworks/AVFoundation.framework; sourceTree = SDKROOT; };
		89009B941BCAE26F00541A5A /* CoreData.framework */ = {isa = PBXFileReference; lastKnownFileType = wrapper.framework; name = CoreData.framework; path = System/Library/Frameworks/CoreData.framework; sourceTree = SDKROOT; };
		89009B961BCAE27500541A5A /* CoreLocation.framework */ = {isa = PBXFileReference; lastKnownFileType = wrapper.framework; name = CoreLocation.framework; path = System/Library/Frameworks/CoreLocation.framework; sourceTree = SDKROOT; };
		89009B981BCAE27A00541A5A /* CoreText.framework */ = {isa = PBXFileReference; lastKnownFileType = wrapper.framework; name = CoreText.framework; path = System/Library/Frameworks/CoreText.framework; sourceTree = SDKROOT; };
		89009B9A1BCAE28400541A5A /* GLKit.framework */ = {isa = PBXFileReference; lastKnownFileType = wrapper.framework; name = GLKit.framework; path = System/Library/Frameworks/GLKit.framework; sourceTree = SDKROOT; };
		89009B9C1BCAE28A00541A5A /* ImageIO.framework */ = {isa = PBXFileReference; lastKnownFileType = wrapper.framework; name = ImageIO.framework; path = System/Library/Frameworks/ImageIO.framework; sourceTree = SDKROOT; };
		89009BA01BCAE2BB00541A5A /* libicucore.tbd */ = {isa = PBXFileReference; lastKnownFileType = "sourcecode.text-based-dylib-definition"; name = libicucore.tbd; path = usr/lib/libicucore.tbd; sourceTree = SDKROOT; };
		89009BA21BCAE2C700541A5A /* libz.tbd */ = {isa = PBXFileReference; lastKnownFileType = "sourcecode.text-based-dylib-definition"; name = libz.tbd; path = usr/lib/libz.tbd; sourceTree = SDKROOT; };
		89009BA41BCAE2CD00541A5A /* OpenGLES.framework */ = {isa = PBXFileReference; lastKnownFileType = wrapper.framework; name = OpenGLES.framework; path = System/Library/Frameworks/OpenGLES.framework; sourceTree = SDKROOT; };
		89009BA61BCAE2D200541A5A /* QuartzCore.framework */ = {isa = PBXFileReference; lastKnownFileType = wrapper.framework; name = QuartzCore.framework; path = System/Library/Frameworks/QuartzCore.framework; sourceTree = SDKROOT; };
		89009BA81BCAE2D900541A5A /* SystemConfiguration.framework */ = {isa = PBXFileReference; lastKnownFileType = wrapper.framework; name = SystemConfiguration.framework; path = System/Library/Frameworks/SystemConfiguration.framework; sourceTree = SDKROOT; };
		89009BBA1BCAF06B00541A5A /* EntryCreationViewController.h */ = {isa = PBXFileReference; fileEncoding = 4; lastKnownFileType = sourcecode.c.h; path = EntryCreationViewController.h; sourceTree = "<group>"; };
		89009BBB1BCAF06B00541A5A /* EntryCreationViewController.m */ = {isa = PBXFileReference; fileEncoding = 4; lastKnownFileType = sourcecode.c.objc; path = EntryCreationViewController.m; sourceTree = "<group>"; };
		890AC0701BCAFE0200D61E01 /* Base */ = {isa = PBXFileReference; lastKnownFileType = file.storyboard; name = Base; path = "unit-2-final-project/Base.lproj/Main.storyboard"; sourceTree = "<group>"; };
		894A11691BC961360040C318 /* SignUpLoginViewController.h */ = {isa = PBXFileReference; fileEncoding = 4; lastKnownFileType = sourcecode.c.h; path = SignUpLoginViewController.h; sourceTree = "<group>"; };
		894A116A1BC961360040C318 /* SignUpLoginViewController.m */ = {isa = PBXFileReference; fileEncoding = 4; lastKnownFileType = sourcecode.c.objc; path = SignUpLoginViewController.m; sourceTree = "<group>"; };
		899A00F51BD937F000F65FEB /* NoteCreationViewController.h */ = {isa = PBXFileReference; fileEncoding = 4; lastKnownFileType = sourcecode.c.h; path = NoteCreationViewController.h; sourceTree = "<group>"; };
		899A00F61BD937F000F65FEB /* NoteCreationViewController.m */ = {isa = PBXFileReference; fileEncoding = 4; lastKnownFileType = sourcecode.c.objc; path = NoteCreationViewController.m; sourceTree = "<group>"; };
		B6A744D1F17F548EF8E4A7EB /* Pods.release.xcconfig */ = {isa = PBXFileReference; includeInIndex = 1; lastKnownFileType = text.xcconfig; name = Pods.release.xcconfig; path = "Pods/Target Support Files/Pods/Pods.release.xcconfig"; sourceTree = "<group>"; };
/* End PBXFileReference section */

/* Begin PBXFrameworksBuildPhase section */
		4248D99B1BC95DA30031CA2D /* Frameworks */ = {
			isa = PBXFrameworksBuildPhase;
			buildActionMask = 2147483647;
			files = (
				42EFA6111BD5DB3E007110AC /* MapKit.framework in Frameworks */,
				42B466611BD14C7A0029FBDA /* libsqlite3.tbd in Frameworks */,
				42B4665F1BD14C630029FBDA /* StoreKit.framework in Frameworks */,
				42B4665D1BD14C5C0029FBDA /* Security.framework in Frameworks */,
				42B4665B1BD14C510029FBDA /* MobileCoreServices.framework in Frameworks */,
				89009B971BCAE27500541A5A /* CoreLocation.framework in Frameworks */,
				42B466591BD14C400029FBDA /* CoreGraphics.framework in Frameworks */,
				42B466551BD14C0E0029FBDA /* CFNetwork.framework in Frameworks */,
				42B466571BD14C320029FBDA /* AudioToolbox.framework in Frameworks */,
				89009BA91BCAE2D900541A5A /* SystemConfiguration.framework in Frameworks */,
				89009BA71BCAE2D200541A5A /* QuartzCore.framework in Frameworks */,
				89009BA51BCAE2CD00541A5A /* OpenGLES.framework in Frameworks */,
				89009BA31BCAE2C700541A5A /* libz.tbd in Frameworks */,
				89009BA11BCAE2BB00541A5A /* libicucore.tbd in Frameworks */,
				89009B9D1BCAE28A00541A5A /* ImageIO.framework in Frameworks */,
				89009B9B1BCAE28400541A5A /* GLKit.framework in Frameworks */,
				89009B991BCAE27A00541A5A /* CoreText.framework in Frameworks */,
				89009B951BCAE26F00541A5A /* CoreData.framework in Frameworks */,
				89009B931BCAE26700541A5A /* AVFoundation.framework in Frameworks */,
				862B72D77ED97BE1EEAAD7A6 /* libPods.a in Frameworks */,
				42B466531BD1483D0029FBDA /* ParseUI.framework in Frameworks */,
			);
			runOnlyForDeploymentPostprocessing = 0;
		};
/* End PBXFrameworksBuildPhase section */

/* Begin PBXGroup section */
		4218BA361BD0871C00F939C8 /* Journal */ = {
			isa = PBXGroup;
			children = (
				894A11691BC961360040C318 /* SignUpLoginViewController.h */,
				894A116A1BC961360040C318 /* SignUpLoginViewController.m */,
				89009BBA1BCAF06B00541A5A /* EntryCreationViewController.h */,
				89009BBB1BCAF06B00541A5A /* EntryCreationViewController.m */,
				42C2F7471BD1CFB700C9D31F /* JournalEntryTableViewController.h */,
				42C2F7481BD1CFB700C9D31F /* JournalEntryTableViewController.m */,
				45A71AF01BD4021C000A13B7 /* StreetEasyDetailViewController.h */,
				45A71AF11BD4021C000A13B7 /* StreetEasyDetailViewController.m */,
				42C949A91BD6E30C009ED1DE /* GoogleMapsNib.xib */,
				42EFA60E1BD5BE5D007110AC /* StreetEasy */,
				42EFA60F1BD5BF92007110AC /* Google Maps */,
				450F0C011BD6BDB500BEC5D0 /* Notes */,
			);
			name = Journal;
			sourceTree = "<group>";
		};
		4248D9951BC95DA30031CA2D = {
			isa = PBXGroup;
			children = (
				89009BAA1BCAE36900541A5A /* Frameworks */,
				4248D9A01BC95DA30031CA2D /* unit-2-final-project */,
				4248D99F1BC95DA30031CA2D /* Products */,
				9F133739FFDAB28576D63B42 /* Pods */,
			);
			sourceTree = "<group>";
		};
		4248D99F1BC95DA30031CA2D /* Products */ = {
			isa = PBXGroup;
			children = (
				4248D99E1BC95DA30031CA2D /* dig.it.app */,
			);
			name = Products;
			sourceTree = "<group>";
		};
		4248D9A01BC95DA30031CA2D /* unit-2-final-project */ = {
			isa = PBXGroup;
			children = (
				890AC06F1BCAFE0200D61E01 /* Main.storyboard */,
				4248D9A41BC95DA30031CA2D /* AppDelegate.h */,
				4248D9A51BC95DA30031CA2D /* AppDelegate.m */,
				4218BA361BD0871C00F939C8 /* Journal */,
				42FCE8DE1BC99C24008627B6 /* Parse */,
				450D853D1BC9813F00C0D55F /* API Manager */,
				4248D9B01BC95DA40031CA2D /* Assets.xcassets */,
				4248D9B21BC95DA40031CA2D /* LaunchScreen.storyboard */,
				4248D9B51BC95DA40031CA2D /* Info.plist */,
				4227055E1BD15607007430E4 /* DontNeedThis.xcdatamodeld */,
				4248D9A11BC95DA30031CA2D /* Supporting Files */,
			);
			path = "unit-2-final-project";
			sourceTree = "<group>";
		};
		4248D9A11BC95DA30031CA2D /* Supporting Files */ = {
			isa = PBXGroup;
			children = (
				4248D9A21BC95DA30031CA2D /* main.m */,
			);
			name = "Supporting Files";
			sourceTree = "<group>";
		};
		42EFA60E1BD5BE5D007110AC /* StreetEasy */ = {
			isa = PBXGroup;
			children = (
				45A71AF31BD404BC000A13B7 /* Apartment.h */,
				45A71AF41BD404BC000A13B7 /* Apartment.m */,
				45A71AED1BD40009000A13B7 /* ApartmentListingsCell.h */,
				45A71AEE1BD40009000A13B7 /* ApartmentListingsCell.m */,
				45A71AE81BD3FE22000A13B7 /* ApartmentListingCells.xib */,
			);
			name = StreetEasy;
			sourceTree = "<group>";
		};
		42EFA60F1BD5BF92007110AC /* Google Maps */ = {
			isa = PBXGroup;
			children = (
				89009B8F1BCAE10300541A5A /* LocationMapViewController.h */,
				89009B901BCAE10300541A5A /* LocationMapViewcontroller.m */,
			);
			name = "Google Maps";
			sourceTree = "<group>";
		};
		42FCE8DE1BC99C24008627B6 /* Parse */ = {
			isa = PBXGroup;
			children = (
				42FCE8E81BC99EC5008627B6 /* ViewController.h */,
				42FCE8E91BC99EC5008627B6 /* ViewController.m */,
				42FCE8DF1BC99C47008627B6 /* User.h */,
				42FCE8E01BC99C47008627B6 /* User.m */,
				42A3B12B1BCED8DA00907D15 /* Entry.h */,
				42A3B1291BCED8C100907D15 /* Entry.m */,
			);
			name = Parse;
			sourceTree = "<group>";
		};
		450D853D1BC9813F00C0D55F /* API Manager */ = {
			isa = PBXGroup;
			children = (
				450D853A1BC9811E00C0D55F /* APIManager.h */,
				450D853B1BC9811E00C0D55F /* APIManager.m */,
			);
			name = "API Manager";
			sourceTree = "<group>";
		};
		450F0C011BD6BDB500BEC5D0 /* Notes */ = {
			isa = PBXGroup;
			children = (
				450F0C021BD6BE0000BEC5D0 /* Note.h */,
				450F0C031BD6BE0000BEC5D0 /* Note.m */,
				899A00F51BD937F000F65FEB /* NoteCreationViewController.h */,
				899A00F61BD937F000F65FEB /* NoteCreationViewController.m */,
				450F0C0B1BD6BF7A00BEC5D0 /* NoteListViewController.h */,
				450F0C0C1BD6BF7A00BEC5D0 /* NoteListViewController.m */,
				450F0C051BD6BE6700BEC5D0 /* NoteDetailViewController.h */,
				450F0C061BD6BE6700BEC5D0 /* NoteDetailViewController.m */,
				450F0C081BD6BF0200BEC5D0 /* NoteListItem.h */,
				450F0C091BD6BF0200BEC5D0 /* NoteListItem.m */,
				450F0C0E1BD6BFD700BEC5D0 /* NotesDocument.h */,
				450F0C0F1BD6BFD700BEC5D0 /* NotesDocument.m */,
			);
			name = Notes;
			sourceTree = "<group>";
		};
		89009BAA1BCAE36900541A5A /* Frameworks */ = {
			isa = PBXGroup;
			children = (
				42EFA6101BD5DB3E007110AC /* MapKit.framework */,
				42B466601BD14C7A0029FBDA /* libsqlite3.tbd */,
				42B4665E1BD14C630029FBDA /* StoreKit.framework */,
				42B4665C1BD14C5C0029FBDA /* Security.framework */,
				42B4665A1BD14C510029FBDA /* MobileCoreServices.framework */,
				42B466581BD14C400029FBDA /* CoreGraphics.framework */,
				42B466561BD14C320029FBDA /* AudioToolbox.framework */,
				42B466541BD14C0E0029FBDA /* CFNetwork.framework */,
				42B466521BD1483D0029FBDA /* ParseUI.framework */,
				89009BA81BCAE2D900541A5A /* SystemConfiguration.framework */,
				89009BA61BCAE2D200541A5A /* QuartzCore.framework */,
				89009BA41BCAE2CD00541A5A /* OpenGLES.framework */,
				89009BA21BCAE2C700541A5A /* libz.tbd */,
				89009BA01BCAE2BB00541A5A /* libicucore.tbd */,
				89009B9C1BCAE28A00541A5A /* ImageIO.framework */,
				89009B9A1BCAE28400541A5A /* GLKit.framework */,
				89009B981BCAE27A00541A5A /* CoreText.framework */,
				89009B961BCAE27500541A5A /* CoreLocation.framework */,
				89009B941BCAE26F00541A5A /* CoreData.framework */,
				89009B921BCAE26700541A5A /* AVFoundation.framework */,
				75199BEAB21FAD7AFA7E126F /* libPods.a */,
			);
			name = Frameworks;
			sourceTree = "<group>";
		};
		9F133739FFDAB28576D63B42 /* Pods */ = {
			isa = PBXGroup;
			children = (
				099DBD6AD45FDC37F9CBE312 /* Pods.debug.xcconfig */,
				B6A744D1F17F548EF8E4A7EB /* Pods.release.xcconfig */,
			);
			name = Pods;
			sourceTree = "<group>";
		};
/* End PBXGroup section */

/* Begin PBXNativeTarget section */
		4248D99D1BC95DA30031CA2D /* dig.it */ = {
			isa = PBXNativeTarget;
			buildConfigurationList = 4248D9B81BC95DA40031CA2D /* Build configuration list for PBXNativeTarget "dig.it" */;
			buildPhases = (
				76FF0297662280A6C72A7E3E /* Check Pods Manifest.lock */,
				4248D99A1BC95DA30031CA2D /* Sources */,
				4248D99B1BC95DA30031CA2D /* Frameworks */,
				4248D99C1BC95DA30031CA2D /* Resources */,
				E6B29511DA05B514354457DE /* Copy Pods Resources */,
			);
			buildRules = (
			);
			dependencies = (
			);
			name = dig.it;
			productName = "unit-2-final-project";
			productReference = 4248D99E1BC95DA30031CA2D /* dig.it.app */;
			productType = "com.apple.product-type.application";
		};
/* End PBXNativeTarget section */

/* Begin PBXProject section */
		4248D9961BC95DA30031CA2D /* Project object */ = {
			isa = PBXProject;
			attributes = {
				LastUpgradeCheck = 0700;
				ORGANIZATIONNAME = "Charles Kang";
				TargetAttributes = {
					4248D99D1BC95DA30031CA2D = {
						CreatedOnToolsVersion = 7.0.1;
						DevelopmentTeam = FP79X83Q3E;
					};
				};
			};
			buildConfigurationList = 4248D9991BC95DA30031CA2D /* Build configuration list for PBXProject "dig.it" */;
			compatibilityVersion = "Xcode 3.2";
			developmentRegion = English;
			hasScannedForEncodings = 0;
			knownRegions = (
				en,
				Base,
			);
			mainGroup = 4248D9951BC95DA30031CA2D;
			productRefGroup = 4248D99F1BC95DA30031CA2D /* Products */;
			projectDirPath = "";
			projectRoot = "";
			targets = (
				4248D99D1BC95DA30031CA2D /* dig.it */,
			);
		};
/* End PBXProject section */

/* Begin PBXResourcesBuildPhase section */
		4248D99C1BC95DA30031CA2D /* Resources */ = {
			isa = PBXResourcesBuildPhase;
			buildActionMask = 2147483647;
			files = (
				890AC0711BCAFE0200D61E01 /* Main.storyboard in Resources */,
				4248D9B41BC95DA40031CA2D /* LaunchScreen.storyboard in Resources */,
				4248D9B11BC95DA40031CA2D /* Assets.xcassets in Resources */,
				42C949AA1BD6E30C009ED1DE /* GoogleMapsNib.xib in Resources */,
				45A71AE91BD3FE22000A13B7 /* ApartmentListingCells.xib in Resources */,
			);
			runOnlyForDeploymentPostprocessing = 0;
		};
/* End PBXResourcesBuildPhase section */

/* Begin PBXShellScriptBuildPhase section */
		76FF0297662280A6C72A7E3E /* Check Pods Manifest.lock */ = {
			isa = PBXShellScriptBuildPhase;
			buildActionMask = 2147483647;
			files = (
			);
			inputPaths = (
			);
			name = "Check Pods Manifest.lock";
			outputPaths = (
			);
			runOnlyForDeploymentPostprocessing = 0;
			shellPath = /bin/sh;
			shellScript = "diff \"${PODS_ROOT}/../Podfile.lock\" \"${PODS_ROOT}/Manifest.lock\" > /dev/null\nif [[ $? != 0 ]] ; then\n    cat << EOM\nerror: The sandbox is not in sync with the Podfile.lock. Run 'pod install' or update your CocoaPods installation.\nEOM\n    exit 1\nfi\n";
			showEnvVarsInLog = 0;
		};
		E6B29511DA05B514354457DE /* Copy Pods Resources */ = {
			isa = PBXShellScriptBuildPhase;
			buildActionMask = 2147483647;
			files = (
			);
			inputPaths = (
			);
			name = "Copy Pods Resources";
			outputPaths = (
			);
			runOnlyForDeploymentPostprocessing = 0;
			shellPath = /bin/sh;
			shellScript = "\"${SRCROOT}/Pods/Target Support Files/Pods/Pods-resources.sh\"\n";
			showEnvVarsInLog = 0;
		};
/* End PBXShellScriptBuildPhase section */

/* Begin PBXSourcesBuildPhase section */
		4248D99A1BC95DA30031CA2D /* Sources */ = {
			isa = PBXSourcesBuildPhase;
			buildActionMask = 2147483647;
			files = (
				450F0C041BD6BE0000BEC5D0 /* Note.m in Sources */,
				42FCE8EA1BC99EC5008627B6 /* ViewController.m in Sources */,
				42A3B12A1BCED8C100907D15 /* Entry.m in Sources */,
				45A71AF51BD404BC000A13B7 /* Apartment.m in Sources */,
				450F0C101BD6BFD700BEC5D0 /* NotesDocument.m in Sources */,
				422705601BD15607007430E4 /* DontNeedThis.xcdatamodeld in Sources */,
				450F0C0A1BD6BF0200BEC5D0 /* NoteListItem.m in Sources */,
				42C2F7491BD1CFB700C9D31F /* JournalEntryTableViewController.m in Sources */,
				45A71AEF1BD40009000A13B7 /* ApartmentListingsCell.m in Sources */,
				894A116B1BC961360040C318 /* SignUpLoginViewController.m in Sources */,
				42FCE8E11BC99C47008627B6 /* User.m in Sources */,
				4248D9A61BC95DA30031CA2D /* AppDelegate.m in Sources */,
				450D853C1BC9811E00C0D55F /* APIManager.m in Sources */,
				450F0C0D1BD6BF7A00BEC5D0 /* NoteListViewController.m in Sources */,
				45A71AF21BD4021C000A13B7 /* StreetEasyDetailViewController.m in Sources */,
				89009BBC1BCAF06B00541A5A /* EntryCreationViewController.m in Sources */,
				450F0C071BD6BE6700BEC5D0 /* NoteDetailViewController.m in Sources */,
				899A00F71BD937F000F65FEB /* NoteCreationViewController.m in Sources */,
				4248D9A31BC95DA30031CA2D /* main.m in Sources */,
				89009B911BCAE10300541A5A /* LocationMapViewcontroller.m in Sources */,
			);
			runOnlyForDeploymentPostprocessing = 0;
		};
/* End PBXSourcesBuildPhase section */

/* Begin PBXVariantGroup section */
		4248D9B21BC95DA40031CA2D /* LaunchScreen.storyboard */ = {
			isa = PBXVariantGroup;
			children = (
				4248D9B31BC95DA40031CA2D /* Base */,
			);
			name = LaunchScreen.storyboard;
			sourceTree = "<group>";
		};
		890AC06F1BCAFE0200D61E01 /* Main.storyboard */ = {
			isa = PBXVariantGroup;
			children = (
				890AC0701BCAFE0200D61E01 /* Base */,
			);
			name = Main.storyboard;
			path = ..;
			sourceTree = "<group>";
		};
/* End PBXVariantGroup section */

/* Begin XCBuildConfiguration section */
		4248D9B61BC95DA40031CA2D /* Debug */ = {
			isa = XCBuildConfiguration;
			buildSettings = {
				ALWAYS_SEARCH_USER_PATHS = NO;
				CLANG_CXX_LANGUAGE_STANDARD = "gnu++0x";
				CLANG_CXX_LIBRARY = "libc++";
				CLANG_ENABLE_MODULES = YES;
				CLANG_ENABLE_OBJC_ARC = YES;
				CLANG_WARN_BOOL_CONVERSION = YES;
				CLANG_WARN_CONSTANT_CONVERSION = YES;
				CLANG_WARN_DIRECT_OBJC_ISA_USAGE = YES_ERROR;
				CLANG_WARN_EMPTY_BODY = YES;
				CLANG_WARN_ENUM_CONVERSION = YES;
				CLANG_WARN_INT_CONVERSION = YES;
				CLANG_WARN_OBJC_ROOT_CLASS = YES_ERROR;
				CLANG_WARN_UNREACHABLE_CODE = YES;
				CLANG_WARN__DUPLICATE_METHOD_MATCH = YES;
				"CODE_SIGN_IDENTITY[sdk=iphoneos*]" = "iPhone Developer";
				COPY_PHASE_STRIP = NO;
				DEBUG_INFORMATION_FORMAT = dwarf;
				ENABLE_STRICT_OBJC_MSGSEND = YES;
				ENABLE_TESTABILITY = YES;
				GCC_C_LANGUAGE_STANDARD = gnu99;
				GCC_DYNAMIC_NO_PIC = NO;
				GCC_NO_COMMON_BLOCKS = YES;
				GCC_OPTIMIZATION_LEVEL = 0;
				GCC_PREPROCESSOR_DEFINITIONS = (
					"DEBUG=1",
					"$(inherited)",
				);
				GCC_WARN_64_TO_32_BIT_CONVERSION = YES;
				GCC_WARN_ABOUT_RETURN_TYPE = YES_ERROR;
				GCC_WARN_UNDECLARED_SELECTOR = YES;
				GCC_WARN_UNINITIALIZED_AUTOS = YES_AGGRESSIVE;
				GCC_WARN_UNUSED_FUNCTION = YES;
				GCC_WARN_UNUSED_VARIABLE = YES;
				IPHONEOS_DEPLOYMENT_TARGET = 9.0;
				MTL_ENABLE_DEBUG_INFO = YES;
				ONLY_ACTIVE_ARCH = YES;
				"OTHER_LDFLAGS[arch=*]" = "-ObjC";
				SDKROOT = iphoneos;
			};
			name = Debug;
		};
		4248D9B71BC95DA40031CA2D /* Release */ = {
			isa = XCBuildConfiguration;
			buildSettings = {
				ALWAYS_SEARCH_USER_PATHS = NO;
				CLANG_CXX_LANGUAGE_STANDARD = "gnu++0x";
				CLANG_CXX_LIBRARY = "libc++";
				CLANG_ENABLE_MODULES = YES;
				CLANG_ENABLE_OBJC_ARC = YES;
				CLANG_WARN_BOOL_CONVERSION = YES;
				CLANG_WARN_CONSTANT_CONVERSION = YES;
				CLANG_WARN_DIRECT_OBJC_ISA_USAGE = YES_ERROR;
				CLANG_WARN_EMPTY_BODY = YES;
				CLANG_WARN_ENUM_CONVERSION = YES;
				CLANG_WARN_INT_CONVERSION = YES;
				CLANG_WARN_OBJC_ROOT_CLASS = YES_ERROR;
				CLANG_WARN_UNREACHABLE_CODE = YES;
				CLANG_WARN__DUPLICATE_METHOD_MATCH = YES;
				"CODE_SIGN_IDENTITY[sdk=iphoneos*]" = "iPhone Developer";
				COPY_PHASE_STRIP = NO;
				DEBUG_INFORMATION_FORMAT = "dwarf-with-dsym";
				ENABLE_NS_ASSERTIONS = NO;
				ENABLE_STRICT_OBJC_MSGSEND = YES;
				GCC_C_LANGUAGE_STANDARD = gnu99;
				GCC_NO_COMMON_BLOCKS = YES;
				GCC_WARN_64_TO_32_BIT_CONVERSION = YES;
				GCC_WARN_ABOUT_RETURN_TYPE = YES_ERROR;
				GCC_WARN_UNDECLARED_SELECTOR = YES;
				GCC_WARN_UNINITIALIZED_AUTOS = YES_AGGRESSIVE;
				GCC_WARN_UNUSED_FUNCTION = YES;
				GCC_WARN_UNUSED_VARIABLE = YES;
				IPHONEOS_DEPLOYMENT_TARGET = 9.0;
				MTL_ENABLE_DEBUG_INFO = NO;
				SDKROOT = iphoneos;
				VALIDATE_PRODUCT = YES;
			};
			name = Release;
		};
		4248D9B91BC95DA40031CA2D /* Debug */ = {
			isa = XCBuildConfiguration;
			baseConfigurationReference = 099DBD6AD45FDC37F9CBE312 /* Pods.debug.xcconfig */;
			buildSettings = {
				ASSETCATALOG_COMPILER_APPICON_NAME = AppIcon;
				CODE_SIGN_IDENTITY = "iPhone Developer";
				"CODE_SIGN_IDENTITY[sdk=iphoneos*]" = "iPhone Developer";
				ENABLE_BITCODE = NO;
				FRAMEWORK_SEARCH_PATHS = (
					"$(inherited)",
					"$(PROJECT_DIR)",
				);
				INFOPLIST_FILE = "unit-2-final-project/Info.plist";
				LD_RUNPATH_SEARCH_PATHS = "$(inherited) @executable_path/Frameworks";
				PRODUCT_BUNDLE_IDENTIFIER = com.charleshkang.digit;
				PRODUCT_NAME = dig.it;
				PROVISIONING_PROFILE = "";
			};
			name = Debug;
		};
		4248D9BA1BC95DA40031CA2D /* Release */ = {
			isa = XCBuildConfiguration;
			baseConfigurationReference = B6A744D1F17F548EF8E4A7EB /* Pods.release.xcconfig */;
			buildSettings = {
				ASSETCATALOG_COMPILER_APPICON_NAME = AppIcon;
				CODE_SIGN_IDENTITY = "iPhone Developer";
				"CODE_SIGN_IDENTITY[sdk=iphoneos*]" = "iPhone Developer";
				ENABLE_BITCODE = NO;
				FRAMEWORK_SEARCH_PATHS = (
					"$(inherited)",
					"$(PROJECT_DIR)",
				);
				INFOPLIST_FILE = "unit-2-final-project/Info.plist";
				LD_RUNPATH_SEARCH_PATHS = "$(inherited) @executable_path/Frameworks";
				PRODUCT_BUNDLE_IDENTIFIER = com.charleshkang.digit;
				PRODUCT_NAME = dig.it;
				PROVISIONING_PROFILE = "";
			};
			name = Release;
		};
/* End XCBuildConfiguration section */

/* Begin XCConfigurationList section */
		4248D9991BC95DA30031CA2D /* Build configuration list for PBXProject "dig.it" */ = {
			isa = XCConfigurationList;
			buildConfigurations = (
				4248D9B61BC95DA40031CA2D /* Debug */,
				4248D9B71BC95DA40031CA2D /* Release */,
			);
			defaultConfigurationIsVisible = 0;
			defaultConfigurationName = Release;
		};
		4248D9B81BC95DA40031CA2D /* Build configuration list for PBXNativeTarget "dig.it" */ = {
			isa = XCConfigurationList;
			buildConfigurations = (
				4248D9B91BC95DA40031CA2D /* Debug */,
				4248D9BA1BC95DA40031CA2D /* Release */,
			);
			defaultConfigurationIsVisible = 0;
			defaultConfigurationName = Release;
		};
/* End XCConfigurationList section */

/* Begin XCVersionGroup section */
		4227055E1BD15607007430E4 /* DontNeedThis.xcdatamodeld */ = {
			isa = XCVersionGroup;
			children = (
				4227055F1BD15607007430E4 /* DontNeedThis.xcdatamodel */,
			);
			currentVersion = 4227055F1BD15607007430E4 /* DontNeedThis.xcdatamodel */;
			path = DontNeedThis.xcdatamodeld;
			sourceTree = "<group>";
			versionGroupType = wrapper.xcdatamodel;
		};
/* End XCVersionGroup section */
	};
	rootObject = 4248D9961BC95DA30031CA2D /* Project object */;
}
